<?xml version="1.0" encoding="utf-8"?>
<Project ToolsVersion="4.0" xmlns="http://schemas.microsoft.com/developer/msbuild/2003">
  <ItemGroup>
    <Filter Include="VPC Scripts">
      <UniqueIdentifier>{734415a2-827e-4898-923e-1b27c8c16e42}</UniqueIdentifier>
    </Filter>
    <Filter Include="Source Files">
      <UniqueIdentifier>{26d96d21-d8f1-43d0-8f02-86614d97bc56}</UniqueIdentifier>
    </Filter>
    <Filter Include="External Header Files">
      <UniqueIdentifier>{6e597e8f-e8e3-41f7-b4ec-d0567a7396fd}</UniqueIdentifier>
    </Filter>
    <Filter Include="Header Files">
      <UniqueIdentifier>{d3f535b0-15b0-4a08-a5ee-1f1be03dc930}</UniqueIdentifier>
    </Filter>
  </ItemGroup>
  <ItemGroup>
    <None Include="shaderlib.vpc">
      <Filter>VPC Scripts</Filter>
    </None>
    <None Include="..\..\vpc_scripts\source_lib_base.vpc">
      <Filter>VPC Scripts</Filter>
    </None>
    <None Include="..\..\vpc_scripts\source_lib_win32_base.vpc">
      <Filter>VPC Scripts</Filter>
    </None>
    <None Include="..\..\vpc_scripts\source_lib_win32_debug.vpc">
      <Filter>VPC Scripts</Filter>
    </None>
    <None Include="..\..\vpc_scripts\source_lib_win32_release.vpc">
      <Filter>VPC Scripts</Filter>
    </None>
    <None Include="..\..\vpc_scripts\version.vpc">
      <Filter>VPC Scripts</Filter>
    </None>
  </ItemGroup>
  <ItemGroup>
    <ClCompile Include="BaseShader.cpp">
      <Filter>Source Files</Filter>
    </ClCompile>
    <ClCompile Include="ShaderDLL.cpp">
      <Filter>Source Files</Filter>
    </ClCompile>
    <ClCompile Include="shaderlib_cvar.cpp">
      <Filter>Source Files</Filter>
    </ClCompile>
  </ItemGroup>
  <ItemGroup>
    <ClInclude Include="..\..\public\tier0\basetypes.h">
      <Filter>External Header Files</Filter>
    </ClInclude>
    <ClInclude Include="..\..\public\commonmacros.h">
      <Filter>External Header Files</Filter>
    </ClInclude>
    <ClInclude Include="..\..\public\tier0\dbg.h">
      <Filter>External Header Files</Filter>
    </ClInclude>
    <ClInclude Include="..\..\public\tier0\fasttimer.h">
      <Filter>External Header Files</Filter>
    </ClInclude>
    <ClInclude Include="..\..\public\appframework\IAppSystem.h">
      <Filter>External Header Files</Filter>
    </ClInclude>
    <ClInclude Include="..\..\public\tier0\icommandline.h">
      <Filter>External Header Files</Filter>
    </ClInclude>
    <ClInclude Include="..\..\public\icvar.h">
      <Filter>External Header Files</Filter>
    </ClInclude>
    <ClInclude Include="..\..\public\ImageLoader.h">
      <Filter>External Header Files</Filter>
    </ClInclude>
    <ClInclude Include="..\..\public\materialsystem\imaterial.h">
      <Filter>External Header Files</Filter>
    </ClInclude>
    <ClInclude Include="..\..\public\materialsystem\imaterialsystem.h">
      <Filter>External Header Files</Filter>
    </ClInclude>
    <ClInclude Include="..\..\public\materialsystem\imaterialsystemhardwareconfig.h">
      <Filter>External Header Files</Filter>
    </ClInclude>
    <ClInclude Include="..\..\public\materialsystem\imaterialvar.h">
      <Filter>External Header Files</Filter>
    </ClInclude>
    <ClInclude Include="..\..\public\materialsystem\imesh.h">
      <Filter>External Header Files</Filter>
    </ClInclude>
    <ClInclude Include="..\..\public\materialsystem\IShader.h">
      <Filter>External Header Files</Filter>
    </ClInclude>
    <ClInclude Include="..\..\public\materialsystem\ishaderapi.h">
      <Filter>External Header Files</Filter>
    </ClInclude>
    <ClInclude Include="..\IShaderSystem.h">
      <Filter>External Header Files</Filter>
    </ClInclude>
    <ClInclude Include="..\..\public\materialsystem\itexture.h">
      <Filter>External Header Files</Filter>
    </ClInclude>
    <ClInclude Include="..\..\public\materialsystem\materialsystem_config.h">
      <Filter>External Header Files</Filter>
    </ClInclude>
    <ClInclude Include="..\..\public\MATHLIB.H">
      <Filter>External Header Files</Filter>
    </ClInclude>
    <ClInclude Include="..\..\public\tier0\memdbgoff.h">
      <Filter>External Header Files</Filter>
    </ClInclude>
    <ClInclude Include="..\..\public\tier0\memdbgon.h">
      <Filter>External Header Files</Filter>
    </ClInclude>
    <ClInclude Include="..\..\public\tier0\platform.h">
      <Filter>External Header Files</Filter>
    </ClInclude>
    <ClInclude Include="..\..\public\protected_things.h">
      <Filter>External Header Files</Filter>
    </ClInclude>
    <ClInclude Include="..\..\public\string_t.h">
      <Filter>External Header Files</Filter>
    </ClInclude>
    <ClInclude Include="..\..\public\tier1\strtools.h">
      <Filter>External Header Files</Filter>
    </ClInclude>
    <ClInclude Include="..\..\public\tier1\utlmemory.h">
      <Filter>External Header Files</Filter>
    </ClInclude>
    <ClInclude Include="..\..\public\tier1\utlvector.h">
      <Filter>External Header Files</Filter>
    </ClInclude>
    <ClInclude Include="..\..\public\vector.h">
      <Filter>External Header Files</Filter>
    </ClInclude>
    <ClInclude Include="..\..\public\vector2d.h">
      <Filter>External Header Files</Filter>
    </ClInclude>
    <ClInclude Include="..\..\public\vector4d.h">
      <Filter>External Header Files</Filter>
    </ClInclude>
    <ClInclude Include="..\..\public\vmatrix.h">
      <Filter>External Header Files</Filter>
    </ClInclude>
    <ClInclude Include="..\..\public\vplane.h">
      <Filter>External Header Files</Filter>
    </ClInclude>
    <ClInclude Include="..\..\public\vstdlib\vstdlib.h">
      <Filter>External Header Files</Filter>
    </ClInclude>
    <ClInclude Include="..\..\public\shaderlib\BaseShader.h">
      <Filter>Header Files</Filter>
    </ClInclude>
    <ClInclude Include="..\..\public\shaderlib\commandbuilder.h">
      <Filter>Header Files</Filter>
    </ClInclude>
    <ClInclude Include="..\..\public\shaderlib\cshader.h">
      <Filter>Header Files</Filter>
    </ClInclude>
    <ClInclude Include="..\..\public\shaderlib\ShaderDLL.h">
      <Filter>Header Files</Filter>
    </ClInclude>
    <ClInclude Include="shaderDLL_Global.h">
      <Filter>Header Files</Filter>
    </ClInclude>
    <ClInclude Include="shaderlib_cvar.h">
      <Filter>Header Files</Filter>
    </ClInclude>
  </ItemGroup>
</Project>