<?xml version="1.0" encoding="utf-8"?>
<Project ToolsVersion="4.0" xmlns="http://schemas.microsoft.com/developer/msbuild/2003">
  <ItemGroup>
    <ClCompile Include="asw_key_values_database.cpp" />
    <ClCompile Include="asw_location_grid.cpp" />
    <ClCompile Include="asw_map_builder.cpp" />
    <ClCompile Include="asw_mission_chooser.cpp" />
    <ClCompile Include="asw_mission_chooser_source_local.cpp" />
    <ClCompile Include="asw_mission_text_database.cpp" />
    <ClCompile Include="asw_npcs.cpp" />
    <ClCompile Include="asw_random_missions.cpp" />
    <ClCompile Include="asw_spawn_selection.cpp" />
    <ClCompile Include="asw_system.cpp" />
    <ClCompile Include="..\..\public\chunkfile.cpp" />
    <ClCompile Include="..\..\common\debug_dll_check.cpp" />
    <ClCompile Include="..\..\public\tier0\memoverride.cpp" />
    <ClCompile Include="tile_check.cpp" />
    <ClCompile Include="VMFExporter.cpp" />
    <ClCompile Include="keyvalues_editor\kv_combo_leaf_panel.cpp" />
    <ClCompile Include="keyvalues_editor\kv_editor.cpp" />
    <ClCompile Include="keyvalues_editor\kv_editor_base_panel.cpp" />
    <ClCompile Include="keyvalues_editor\kv_editor_frame.cpp" />
    <ClCompile Include="keyvalues_editor\kv_fit_children_panel.cpp" />
    <ClCompile Include="keyvalues_editor\kv_leaf_panel.cpp" />
    <ClCompile Include="keyvalues_editor\kv_node_panel.cpp" />
    <ClCompile Include="vgui\location_editor\location_editor_frame.cpp" />
    <ClCompile Include="vgui\location_editor\location_layout_panel.cpp" />
    <ClCompile Include="vgui\location_editor\mission_txt_leaf_panel.cpp" />
    <ClCompile Include="vgui\mission_editor\theme_room_picker.cpp" />
    <ClCompile Include="layout_system\tilegen_actions.cpp" />
    <ClCompile Include="layout_system\tilegen_class_factories.cpp" />
    <ClCompile Include="layout_system\tilegen_enum.cpp" />
    <ClCompile Include="layout_system\tilegen_expressions.cpp" />
    <ClCompile Include="layout_system\tilegen_layout_system.cpp" />
    <ClCompile Include="layout_system\tilegen_listeners.cpp" />
    <ClCompile Include="layout_system\tilegen_mission_preprocessor.cpp" />
    <ClCompile Include="layout_system\tilegen_ranges.cpp" />
    <ClCompile Include="layout_system\tilegen_rule.cpp" />
    <ClCompile Include="layout_system_editor\layout_system_kv_editor.cpp" />
    <ClCompile Include="layout_system_editor\mission_panel.cpp" />
    <ClCompile Include="layout_system_editor\node_panel.cpp" />
    <ClCompile Include="layout_system_editor\rule_instance_node_panel.cpp" />
    <ClCompile Include="layout_system_editor\rule_instance_parameter_panel.cpp" />
    <ClCompile Include="layout_system_editor\state_node_panel.cpp" />
    <ClCompile Include="vgui\dialogs\ExitEditDialog.cpp" />
    <ClCompile Include="vgui\dialogs\RoomTemplateEditDialog.cpp" />
    <ClCompile Include="vgui\dialogs\ThemeEditDialog.cpp" />
    <ClCompile Include="vgui\dialogs\ThemesDialog.cpp" />
    <ClCompile Include="vgui\dialogs\TileGenDialog.cpp" />
    <ClCompile Include="..\..\public\vgui_controls\vgui_controls.cpp" />
    <ClCompile Include="vgui\MapLayoutPanel.cpp" />
    <ClCompile Include="vgui\missionchooser_tgaimagepanel.cpp" />
    <ClCompile Include="vgui\npc_spawns_panel.cpp" />
    <ClCompile Include="vgui\PlacedRoomTemplatePanel.cpp" />
    <ClCompile Include="vgui\RoomTemplateListPanel.cpp" />
    <ClCompile Include="vgui\RoomTemplatePanel.cpp" />
    <ClCompile Include="vgui\ScrollingWindow.cpp" />
    <ClCompile Include="vgui\tilegen_pages.cpp" />
    <ClCompile Include="vgui\ToggleExitsPanel.cpp" />
    <ClCompile Include="TileSource\LevelTheme.cpp" />
    <ClCompile Include="TileSource\MapLayout.cpp" />
    <ClCompile Include="TileSource\Room.cpp" />
    <ClCompile Include="TileSource\RoomTemplate.cpp" />
    <ClCompile Include="TileSource\TagList.cpp" />
  </ItemGroup>
  <ItemGroup>
    <ClInclude Include="asw_key_values_database.h" />
    <ClInclude Include="asw_location_grid.h" />
    <ClInclude Include="asw_map_builder.h" />
    <ClInclude Include="asw_mission_chooser.h" />
    <ClInclude Include="asw_mission_chooser_source_local.h" />
    <ClInclude Include="asw_mission_text_database.h" />
    <ClInclude Include="asw_npcs.h" />
    <ClInclude Include="asw_random_missions.h" />
    <ClInclude Include="asw_spawn_selection.h" />
    <ClInclude Include="asw_system.h" />
    <ClInclude Include="tile_check.h" />
    <ClInclude Include="tilegen_core.h" />
    <ClInclude Include="VMFExporter.h" />
    <ClInclude Include="chunkfile.h" />
    <ClInclude Include="..\..\public\missionchooser\iasw_mission_chooser.h" />
    <ClInclude Include="..\..\public\missionchooser\iasw_mission_chooser_source.h" />
    <ClInclude Include="..\..\public\missionchooser\iasw_random_missions.h" />
    <ClInclude Include="..\..\public\missionchooser\iasw_spawn_selection.h" />
    <ClInclude Include="..\..\public\tier1\interface.h" />
    <ClInclude Include="keyvalues_editor\kv_combo_leaf_panel.h" />
    <ClInclude Include="keyvalues_editor\kv_editor.h" />
    <ClInclude Include="keyvalues_editor\kv_editor_base_panel.h" />
    <ClInclude Include="keyvalues_editor\kv_editor_frame.h" />
    <ClInclude Include="keyvalues_editor\kv_fit_children_panel.h" />
    <ClInclude Include="keyvalues_editor\kv_leaf_panel.h" />
    <ClInclude Include="keyvalues_editor\kv_node_panel.h" />
    <ClInclude Include="vgui\location_editor\location_editor_frame.h" />
    <ClInclude Include="vgui\location_editor\location_layout_panel.h" />
    <ClInclude Include="vgui\location_editor\mission_txt_leaf_panel.h" />
    <ClInclude Include="vgui\mission_editor\theme_room_picker.h" />
    <ClInclude Include="layout_system\tilegen_actions.h" />
    <ClInclude Include="layout_system\tilegen_class_factories.h" />
    <ClInclude Include="layout_system\tilegen_class_interfaces.h" />
    <ClInclude Include="layout_system\tilegen_enum.h" />
    <ClInclude Include="layout_system\tilegen_expressions.h" />
    <ClInclude Include="layout_system\tilegen_layout_system.h" />
    <ClInclude Include="layout_system\tilegen_listeners.h" />
    <ClInclude Include="layout_system\tilegen_mission_preprocessor.h" />
    <ClInclude Include="layout_system\tilegen_ranges.h" />
    <ClInclude Include="layout_system\tilegen_rule.h" />
    <ClInclude Include="layout_system_editor\layout_system_kv_editor.h" />
    <ClInclude Include="layout_system_editor\mission_panel.h" />
    <ClInclude Include="layout_system_editor\node_panel.h" />
    <ClInclude Include="layout_system_editor\rule_instance_node_panel.h" />
    <ClInclude Include="layout_system_editor\rule_instance_parameter_panel.h" />
    <ClInclude Include="layout_system_editor\state_node_panel.h" />
    <ClInclude Include="vgui\dialogs\TileGenDialog.h" />
    <ClInclude Include="vgui\dialogs\ExitEditDialog.h" />
    <ClInclude Include="vgui\dialogs\RoomTemplateEditDialog.h" />
    <ClInclude Include="vgui\dialogs\ThemeEditDialog.h" />
    <ClInclude Include="vgui\dialogs\ThemesDialog.h" />
    <ClInclude Include="vgui\MapLayoutPanel.h" />
    <ClInclude Include="vgui\missionchooser_tgaimagepanel.h" />
    <ClInclude Include="vgui\npc_spawns_panel.h" />
    <ClInclude Include="vgui\PlacedRoomTemplatePanel.h" />
    <ClInclude Include="vgui\RoomTemplateListPanel.h" />
    <ClInclude Include="vgui\RoomTemplatePanel.h" />
    <ClInclude Include="vgui\ScrollingWindow.h" />
    <ClInclude Include="vgui\tilegen_pages.h" />
    <ClInclude Include="vgui\ToggleExitsPanel.h" />
    <ClInclude Include="TileSource\LevelTheme.h" />
    <ClInclude Include="TileSource\MapLayout.h" />
    <ClInclude Include="TileSource\Room.h" />
    <ClInclude Include="TileSource\RoomTemplate.h" />
    <ClInclude Include="TileSource\TagList.h" />
    <ClInclude Include="..\shared\swarm\rd_release_flags.h" />
  </ItemGroup>
  <ItemGroup>
    <Library Include="..\..\lib\public\bitmap.lib" />
    <Library Include="..\..\lib\public\dmxloader.lib" />
    <Library Include="..\..\lib\public\fgdlib.lib" />
    <Library Include="..\..\lib\public\interfaces.lib" />
    <Library Include="..\..\lib\common\jpeglib.lib" />
    <Library Include="..\..\lib\public\mathlib.lib" />
    <Library Include="..\..\lib\public\matsys_controls.lib" />
    <Library Include="..\..\lib\public\steam_api.lib" />
    <Library Include="..\..\lib\public\tier0.lib" />
    <Library Include="..\..\lib\public\tier1.lib" />
    <Library Include="..\..\lib\public\tier2.lib" />
    <Library Include="..\..\lib\public\tier3.lib" />
    <Library Include="..\..\lib\public\vbsp2lib.lib" />
    <Library Include="..\..\lib\public\vgui_controls.lib" />
    <Library Include="..\..\lib\public\vstdlib.lib" />
    <Library Include="..\..\lib\public\vtf.lib" />
  </ItemGroup>
</Project>