
Microsoft Visual Studio Solution File, Format Version 12.00
# Visual Studio 2013
VisualStudioVersion = 12.0.30501.0
MinimumVisualStudioVersion = 10.0.40219.1
Project("{8BC9CEB8-8B4A-11D0-8D11-00A0C91BC942}") = "Client (Swarm)", "game\client\swarm_sdk_client.vcxproj", "{A26C0361-6B09-9E3D-5194-C9CB89243710}"
	ProjectSection(ProjectDependencies) = postProject
		{38AA6D4C-4ACE-4518-BC6C-BC42482C0E65} = {38AA6D4C-4ACE-4518-BC6C-BC42482C0E65}
	EndProjectSection
EndProject
Project("{8BC9CEB8-8B4A-11D0-8D11-00A0C91BC942}") = "Server (Swarm)", "game\server\swarm_sdk_server.vcxproj", "{EE8FAD9C-DFAF-414B-A11D-7697E1A28A27}"
EndProject
Project("{8BC9CEB8-8B4A-11D0-8D11-00A0C91BC942}") = "MissionChooser", "game\missionchooser\swarm_sdk_missionchooser.vcxproj", "{38AA6D4C-4ACE-4518-BC6C-BC42482C0E65}"
EndProject
Global
	GlobalSection(SolutionConfigurationPlatforms) = preSolution
		Debug|Win32 = Debug|Win32
		Release|Win32 = Release|Win32
	EndGlobalSection
	GlobalSection(ProjectConfigurationPlatforms) = postSolution
		{A26C0361-6B09-9E3D-5194-C9CB89243710}.Debug|Win32.ActiveCfg = Debug|Win32
		{A26C0361-6B09-9E3D-5194-C9CB89243710}.Debug|Win32.Build.0 = Debug|Win32
		{A26C0361-6B09-9E3D-5194-C9CB89243710}.Release|Win32.ActiveCfg = Release|Win32
		{A26C0361-6B09-9E3D-5194-C9CB89243710}.Release|Win32.Build.0 = Release|Win32
		{EE8FAD9C-DFAF-414B-A11D-7697E1A28A27}.Debug|Win32.ActiveCfg = Debug|Win32
		{EE8FAD9C-DFAF-414B-A11D-7697E1A28A27}.Debug|Win32.Build.0 = Debug|Win32
		{EE8FAD9C-DFAF-414B-A11D-7697E1A28A27}.Release|Win32.ActiveCfg = Release|Win32
		{EE8FAD9C-DFAF-414B-A11D-7697E1A28A27}.Release|Win32.Build.0 = Release|Win32
		{38AA6D4C-4ACE-4518-BC6C-BC42482C0E65}.Debug|Win32.ActiveCfg = Debug|Win32
		{38AA6D4C-4ACE-4518-BC6C-BC42482C0E65}.Debug|Win32.Build.0 = Debug|Win32
		{38AA6D4C-4ACE-4518-BC6C-BC42482C0E65}.Release|Win32.ActiveCfg = Release|Win32
		{38AA6D4C-4ACE-4518-BC6C-BC42482C0E65}.Release|Win32.Build.0 = Release|Win32
	EndGlobalSection
	GlobalSection(SolutionProperties) = preSolution
		HideSolutionNode = FALSE
	EndGlobalSection
EndGlobal
